PODS:
  - Alamofire (5.4.0)
  - Kanna (5.2.4)
  - Kingfisher (5.15.8):
    - Kingfisher/Core (= 5.15.8)
  - Kingfisher/Core (5.15.8)
  - Realm (10.5.0):
    - Realm/Headers (= 10.5.0)
  - Realm/Headers (10.5.0)
  - RealmSwift (10.5.0):
    - Realm (= 10.5.0)
  - RxCocoa (5.1.1):
    - RxRelay (~> 5)
    - RxSwift (~> 5)
  - RxKingfisher (1.0.0):
    - Kingfisher (~> 5)
    - RxCocoa (~> 5)
    - RxSwift (~> 5)
  - RxRelay (5.1.1):
    - RxSwift (~> 5)
  - RxSwift (5.1.1)
  - SnapKit (5.0.1)

DEPENDENCIES:
  - Alamofire
  - Kanna (~> 5.2.2)
  - Kingfisher (~> 5.0)
  - RealmSwift
  - RxCocoa (~> 5)
  - RxKingfisher
  - RxSwift (~> 5)
  - SnapKit

SPEC REPOS:
  trunk:
    - Alamofire
    - Kanna
    - Kingfisher
    - Realm
    - RealmSwift
    - RxCocoa
    - RxKingfisher
    - RxRelay
    - RxSwift
    - SnapKit

SPEC CHECKSUMS:
  Alamofire: 3b6a534a3df22db367e4dedeeca73d1ddfcf0e2f
  Kanna: b9d00d7c11428308c7f95e1f1f84b8205f567a8f
  Kingfisher: a3c03d702433fa6cfedabb2bddbe076fb8f2e902
  Realm: e1c22c3d83b229afb70ebc10e1771c91e9542d12
  RealmSwift: 6fc078d9d3fd7e58c71bfdbb694e252462f112a5
  RxCocoa: 32065309a38d29b5b0db858819b5bf9ef038b601
  RxKingfisher: 0f07678aca3e6a20143dfba67ec2d2c70d443a9a
  RxRelay: d77f7d771495f43c556cbc43eebd1bb54d01e8e9
  RxSwift: 81470a2074fa8780320ea5fe4102807cb7118178
  SnapKit: 97b92857e3df3a0c71833cce143274bf6ef8e5eb

PODFILE CHECKSUM: 50ccbdad6426a3276f9444f2bb2a15f2b5da308d

COCOAPODS: 1.10.0
